
Microsoft Visual Studio Solution File, Format Version 12.00
# Visual Studio Version 16
VisualStudioVersion = 16.0.29409.12
MinimumVisualStudioVersion = 10.0.40219.1
Project("{FAE04EC0-301F-11D3-BF4B-00C04F79EFBC}") = "BusinessTrip", "BusinessTrip\BusinessTrip.csproj", "{FE3D921B-7E91-4C80-BB85-9EE0BBC17087}"
EndProject
Global
	GlobalSection(SolutionConfigurationPlatforms) = preSolution
		Debug|Any CPU = Debug|Any CPU
		Release|Any CPU = Release|Any CPU
	EndGlobalSection
	GlobalSection(ProjectConfigurationPlatforms) = postSolution
		{FE3D921B-7E91-4C80-BB85-9EE0BBC17087}.Debug|Any CPU.ActiveCfg = Debug|Any CPU
		{FE3D921B-7E91-4C80-BB85-9EE0BBC17087}.Debug|Any CPU.Build.0 = Debug|Any CPU
		{FE3D921B-7E91-4C80-BB85-9EE0BBC17087}.Release|Any CPU.ActiveCfg = Release|Any CPU
		{FE3D921B-7E91-4C80-BB85-9EE0BBC17087}.Release|Any CPU.Build.0 = Release|Any CPU
	EndGlobalSection
	GlobalSection(SolutionProperties) = preSolution
		HideSolutionNode = FALSE
	EndGlobalSection
	GlobalSection(ExtensibilityGlobals) = postSolution
		SolutionGuid = {65659B79-4603-4BE1-B0CD-EE029F42D2F0}
	EndGlobalSection
EndGlobal
